<?xml version="1.0" encoding="utf-8"?>
<Project ToolsVersion="4.0" xmlns="http://schemas.microsoft.com/developer/msbuild/2003">
  <ItemGroup>
    <Filter Include="ソース ファイル">
      <UniqueIdentifier>{4FC737F1-C7A5-4376-A066-2A32D752A2FF}</UniqueIdentifier>
      <Extensions>cpp;c;cc;cxx;c++;cppm;ixx;def;odl;idl;hpj;bat;asm;asmx</Extensions>
    </Filter>
    <Filter Include="ヘッダー ファイル">
      <UniqueIdentifier>{93995380-89BD-4b04-88EB-625FBE52EBFB}</UniqueIdentifier>
      <Extensions>h;hh;hpp;hxx;h++;hm;inl;inc;ipp;xsd</Extensions>
    </Filter>
    <Filter Include="リソース ファイル">
      <UniqueIdentifier>{67DA6AB6-F800-4c08-8B7A-83BB121AAD01}</UniqueIdentifier>
      <Extensions>rc;ico;cur;bmp;dlg;rc2;rct;bin;rgs;gif;jpg;jpeg;jpe;resx;tiff;tif;png;wav;mfcribbon-ms</Extensions>
    </Filter>
    <Filter Include="Object">
      <UniqueIdentifier>{de5e1086-2dd5-4f3c-a864-8630ad744b4d}</UniqueIdentifier>
    </Filter>
    <Filter Include="Utility">
      <UniqueIdentifier>{f7e92a46-a136-479e-bc28-df6593682167}</UniqueIdentifier>
    </Filter>
    <Filter Include="Scene">
      <UniqueIdentifier>{8b957267-5b92-419f-8f20-48110f86099e}</UniqueIdentifier>
    </Filter>
  </ItemGroup>
  <ItemGroup>
    <ClCompile Include="main.cpp">
      <Filter>ソース ファイル</Filter>
    </ClCompile>
    <ClCompile Include="Utility\fpsCtrl.cpp">
      <Filter>Utility</Filter>
    </ClCompile>
    <ClCompile Include="Utility\inputCtrl.cpp">
      <Filter>Utility</Filter>
    </ClCompile>
    <ClCompile Include="Scene\scene_title.cpp">
      <Filter>Scene</Filter>
    </ClCompile>
    <ClCompile Include="Scene\sceneManager.cpp">
      <Filter>Scene</Filter>
    </ClCompile>
    <ClCompile Include="Object\Bone.cpp">
      <Filter>Object</Filter>
    </ClCompile>
  </ItemGroup>
  <ItemGroup>
    <ClInclude Include="main.h">
      <Filter>ヘッダー ファイル</Filter>
    </ClInclude>
    <ClInclude Include="Utility\fpsCtrl.h">
      <Filter>Utility</Filter>
    </ClInclude>
    <ClInclude Include="Scene\scene.h">
      <Filter>Scene</Filter>
    </ClInclude>
    <ClInclude Include="Scene\scene_title.h">
      <Filter>Scene</Filter>
    </ClInclude>
    <ClInclude Include="Scene\sceneManager.h">
      <Filter>Scene</Filter>
    </ClInclude>
    <ClInclude Include="Utility\Vector2D.h">
      <Filter>Utility</Filter>
    </ClInclude>
    <ClInclude Include="Object\Bone.h">
      <Filter>Object</Filter>
    </ClInclude>
    <ClInclude Include="Utility\inputCtrl.h">
      <Filter>Utility</Filter>
    </ClInclude>
    <ClInclude Include="Utility\calculation.h">
      <Filter>Utility</Filter>
    </ClInclude>
  </ItemGroup>
</Project>